<?xml version="1.0" encoding="utf-8"?>
<Project ToolsVersion="4.0" xmlns="http://schemas.microsoft.com/developer/msbuild/2003">
  <ItemGroup>
    <Filter Include="Source Files">
      <UniqueIdentifier>{b4182f8a-02cd-4d27-bcb1-e5fc1862afb4}</UniqueIdentifier>
    </Filter>
    <Filter Include="Header Files">
      <UniqueIdentifier>{ed5e963f-ac3f-4296-9858-d1a4756d7b84}</UniqueIdentifier>
    </Filter>
  </ItemGroup>
  <ItemGroup>
    <ClCompile Include="polyExporter.cpp">
      <Filter>Source Files</Filter>
    </ClCompile>
    <ClCompile Include="polyWriter.cpp">
      <Filter>Source Files</Filter>
    </ClCompile>
    <ClCompile Include="polyRawExporter.cpp">
      <Filter>Source Files</Filter>
    </ClCompile>
    <ClCompile Include="polyRawWriter.cpp">
      <Filter>Source Files</Filter>
    </ClCompile>
  </ItemGroup>
  <ItemGroup>
    <ClInclude Include="polyExporter.h">
      <Filter>Header Files</Filter>
    </ClInclude>
    <ClInclude Include="polyWriter.h">
      <Filter>Header Files</Filter>
    </ClInclude>
    <ClInclude Include="polyRawExporter.h">
      <Filter>Header Files</Filter>
    </ClInclude>
    <ClInclude Include="polyRawWriter.h">
      <Filter>Header Files</Filter>
    </ClInclude>
  </ItemGroup>
</Project>